// !$*UTF8*$!
{
	archiveVersion = 1;
	classes = {
	};
	objectVersion = 50;
	objects = {

/* Begin PBXBuildFile section */
		2C7BF6C3228A6C00007C872E /* AppDelegate.swift in Sources */ = {isa = PBXBuildFile; fileRef = 2C7BF6C2228A6C00007C872E /* AppDelegate.swift */; };
		2C7BF6C5228A6C00007C872E /* ViewController.swift in Sources */ = {isa = PBXBuildFile; fileRef = 2C7BF6C4228A6C00007C872E /* ViewController.swift */; };
		2C7BF6C8228A6C00007C872E /* Main.storyboard in Resources */ = {isa = PBXBuildFile; fileRef = 2C7BF6C6228A6C00007C872E /* Main.storyboard */; };
		2C7BF6CA228A6C02007C872E /* Assets.xcassets in Resources */ = {isa = PBXBuildFile; fileRef = 2C7BF6C9228A6C02007C872E /* Assets.xcassets */; };
		2C7BF6CD228A6C02007C872E /* LaunchScreen.storyboard in Resources */ = {isa = PBXBuildFile; fileRef = 2C7BF6CB228A6C02007C872E /* LaunchScreen.storyboard */; };
		2C7BF6D8228A6C02007C872E /* TransvectorExampleTests.swift in Sources */ = {isa = PBXBuildFile; fileRef = 2C7BF6D7228A6C02007C872E /* TransvectorExampleTests.swift */; };
		2C7BF6E3228A6C02007C872E /* TransvectorExampleUITests.swift in Sources */ = {isa = PBXBuildFile; fileRef = 2C7BF6E2228A6C02007C872E /* TransvectorExampleUITests.swift */; };
		2C7BF6FF228A76A4007C872E /* testPath.svg in Resources */ = {isa = PBXBuildFile; fileRef = 2C7BF6FE228A76A4007C872E /* testPath.svg */; };
		2C7BF702228A7FDC007C872E /* testPath1.svg in Resources */ = {isa = PBXBuildFile; fileRef = 2C7BF700228A7FDC007C872E /* testPath1.svg */; };
		2C7BF703228A7FDC007C872E /* testPath2.svg in Resources */ = {isa = PBXBuildFile; fileRef = 2C7BF701228A7FDC007C872E /* testPath2.svg */; };
		32255A957F17909385068C71 /* Pods_TransvectorExampleTests.framework in Frameworks */ = {isa = PBXBuildFile; fileRef = 2DAA8BDDDCBFD6C9A59070E0 /* Pods_TransvectorExampleTests.framework */; };
		57F81663FE9024E059B941A8 /* Pods_TransvectorExample.framework in Frameworks */ = {isa = PBXBuildFile; fileRef = AE706FDB560EE7CBB9FDFDAA /* Pods_TransvectorExample.framework */; };
		CE1B3EE828F0A1BD3ED2C320 /* Pods_TransvectorExampleUITests.framework in Frameworks */ = {isa = PBXBuildFile; fileRef = 4388D1A74807A66C78E5911A /* Pods_TransvectorExampleUITests.framework */; };
/* End PBXBuildFile section */

/* Begin PBXContainerItemProxy section */
		2C7BF6D4228A6C02007C872E /* PBXContainerItemProxy */ = {
			isa = PBXContainerItemProxy;
			containerPortal = 2C7BF6B7228A6C00007C872E /* Project object */;
			proxyType = 1;
			remoteGlobalIDString = 2C7BF6BE228A6C00007C872E;
			remoteInfo = TransvectorExample;
		};
		2C7BF6DF228A6C02007C872E /* PBXContainerItemProxy */ = {
			isa = PBXContainerItemProxy;
			containerPortal = 2C7BF6B7228A6C00007C872E /* Project object */;
			proxyType = 1;
			remoteGlobalIDString = 2C7BF6BE228A6C00007C872E;
			remoteInfo = TransvectorExample;
		};
/* End PBXContainerItemProxy section */

/* Begin PBXFileReference section */
		2416BA2A9CEBB10D22E849B0 /* Pods-TransvectorExampleUITests.debug.xcconfig */ = {isa = PBXFileReference; includeInIndex = 1; lastKnownFileType = text.xcconfig; name = "Pods-TransvectorExampleUITests.debug.xcconfig"; path = "Target Support Files/Pods-TransvectorExampleUITests/Pods-TransvectorExampleUITests.debug.xcconfig"; sourceTree = "<group>"; };
		2C7BF6BF228A6C00007C872E /* TransvectorExample.app */ = {isa = PBXFileReference; explicitFileType = wrapper.application; includeInIndex = 0; path = TransvectorExample.app; sourceTree = BUILT_PRODUCTS_DIR; };
		2C7BF6C2228A6C00007C872E /* AppDelegate.swift */ = {isa = PBXFileReference; lastKnownFileType = sourcecode.swift; path = AppDelegate.swift; sourceTree = "<group>"; };
		2C7BF6C4228A6C00007C872E /* ViewController.swift */ = {isa = PBXFileReference; lastKnownFileType = sourcecode.swift; path = ViewController.swift; sourceTree = "<group>"; };
		2C7BF6C7228A6C00007C872E /* Base */ = {isa = PBXFileReference; lastKnownFileType = file.storyboard; name = Base; path = Base.lproj/Main.storyboard; sourceTree = "<group>"; };
		2C7BF6C9228A6C02007C872E /* Assets.xcassets */ = {isa = PBXFileReference; lastKnownFileType = folder.assetcatalog; path = Assets.xcassets; sourceTree = "<group>"; };
		2C7BF6CC228A6C02007C872E /* Base */ = {isa = PBXFileReference; lastKnownFileType = file.storyboard; name = Base; path = Base.lproj/LaunchScreen.storyboard; sourceTree = "<group>"; };
		2C7BF6CE228A6C02007C872E /* Info.plist */ = {isa = PBXFileReference; lastKnownFileType = text.plist.xml; path = Info.plist; sourceTree = "<group>"; };
		2C7BF6D3228A6C02007C872E /* TransvectorExampleTests.xctest */ = {isa = PBXFileReference; explicitFileType = wrapper.cfbundle; includeInIndex = 0; path = TransvectorExampleTests.xctest; sourceTree = BUILT_PRODUCTS_DIR; };
		2C7BF6D7228A6C02007C872E /* TransvectorExampleTests.swift */ = {isa = PBXFileReference; lastKnownFileType = sourcecode.swift; path = TransvectorExampleTests.swift; sourceTree = "<group>"; };
		2C7BF6D9228A6C02007C872E /* Info.plist */ = {isa = PBXFileReference; lastKnownFileType = text.plist.xml; path = Info.plist; sourceTree = "<group>"; };
		2C7BF6DE228A6C02007C872E /* TransvectorExampleUITests.xctest */ = {isa = PBXFileReference; explicitFileType = wrapper.cfbundle; includeInIndex = 0; path = TransvectorExampleUITests.xctest; sourceTree = BUILT_PRODUCTS_DIR; };
		2C7BF6E2228A6C02007C872E /* TransvectorExampleUITests.swift */ = {isa = PBXFileReference; lastKnownFileType = sourcecode.swift; path = TransvectorExampleUITests.swift; sourceTree = "<group>"; };
		2C7BF6E4228A6C02007C872E /* Info.plist */ = {isa = PBXFileReference; lastKnownFileType = text.plist.xml; path = Info.plist; sourceTree = "<group>"; };
		2C7BF6FE228A76A4007C872E /* testPath.svg */ = {isa = PBXFileReference; fileEncoding = 4; lastKnownFileType = text.xml; path = testPath.svg; sourceTree = "<group>"; };
		2C7BF700228A7FDC007C872E /* testPath1.svg */ = {isa = PBXFileReference; fileEncoding = 4; lastKnownFileType = text.xml; path = testPath1.svg; sourceTree = "<group>"; };
		2C7BF701228A7FDC007C872E /* testPath2.svg */ = {isa = PBXFileReference; fileEncoding = 4; lastKnownFileType = text.xml; path = testPath2.svg; sourceTree = "<group>"; };
		2DAA8BDDDCBFD6C9A59070E0 /* Pods_TransvectorExampleTests.framework */ = {isa = PBXFileReference; explicitFileType = wrapper.framework; includeInIndex = 0; path = Pods_TransvectorExampleTests.framework; sourceTree = BUILT_PRODUCTS_DIR; };
		415D2B487BAC77E8B4FF5329 /* Pods-TransvectorExample.release.xcconfig */ = {isa = PBXFileReference; includeInIndex = 1; lastKnownFileType = text.xcconfig; name = "Pods-TransvectorExample.release.xcconfig"; path = "Target Support Files/Pods-TransvectorExample/Pods-TransvectorExample.release.xcconfig"; sourceTree = "<group>"; };
		4388D1A74807A66C78E5911A /* Pods_TransvectorExampleUITests.framework */ = {isa = PBXFileReference; explicitFileType = wrapper.framework; includeInIndex = 0; path = Pods_TransvectorExampleUITests.framework; sourceTree = BUILT_PRODUCTS_DIR; };
		55E039442ADA7FBB83886061 /* Pods-TransvectorExample.debug.xcconfig */ = {isa = PBXFileReference; includeInIndex = 1; lastKnownFileType = text.xcconfig; name = "Pods-TransvectorExample.debug.xcconfig"; path = "Target Support Files/Pods-TransvectorExample/Pods-TransvectorExample.debug.xcconfig"; sourceTree = "<group>"; };
		5B416AF2C07CDA18E255E4BA /* Pods-TransvectorExampleTests.debug.xcconfig */ = {isa = PBXFileReference; includeInIndex = 1; lastKnownFileType = text.xcconfig; name = "Pods-TransvectorExampleTests.debug.xcconfig"; path = "Target Support Files/Pods-TransvectorExampleTests/Pods-TransvectorExampleTests.debug.xcconfig"; sourceTree = "<group>"; };
		A9AA487CD37E492A62CB339E /* Pods-TransvectorExampleUITests.release.xcconfig */ = {isa = PBXFileReference; includeInIndex = 1; lastKnownFileType = text.xcconfig; name = "Pods-TransvectorExampleUITests.release.xcconfig"; path = "Target Support Files/Pods-TransvectorExampleUITests/Pods-TransvectorExampleUITests.release.xcconfig"; sourceTree = "<group>"; };
		AE706FDB560EE7CBB9FDFDAA /* Pods_TransvectorExample.framework */ = {isa = PBXFileReference; explicitFileType = wrapper.framework; includeInIndex = 0; path = Pods_TransvectorExample.framework; sourceTree = BUILT_PRODUCTS_DIR; };
		DF70A11AD2EC62AD19FE0BC3 /* Pods-TransvectorExampleTests.release.xcconfig */ = {isa = PBXFileReference; includeInIndex = 1; lastKnownFileType = text.xcconfig; name = "Pods-TransvectorExampleTests.release.xcconfig"; path = "Target Support Files/Pods-TransvectorExampleTests/Pods-TransvectorExampleTests.release.xcconfig"; sourceTree = "<group>"; };
/* End PBXFileReference section */

/* Begin PBXFrameworksBuildPhase section */
		2C7BF6BC228A6C00007C872E /* Frameworks */ = {
			isa = PBXFrameworksBuildPhase;
			buildActionMask = 2147483647;
			files = (
				57F81663FE9024E059B941A8 /* Pods_TransvectorExample.framework in Frameworks */,
			);
			runOnlyForDeploymentPostprocessing = 0;
		};
		2C7BF6D0228A6C02007C872E /* Frameworks */ = {
			isa = PBXFrameworksBuildPhase;
			buildActionMask = 2147483647;
			files = (
				32255A957F17909385068C71 /* Pods_TransvectorExampleTests.framework in Frameworks */,
			);
			runOnlyForDeploymentPostprocessing = 0;
		};
		2C7BF6DB228A6C02007C872E /* Frameworks */ = {
			isa = PBXFrameworksBuildPhase;
			buildActionMask = 2147483647;
			files = (
				CE1B3EE828F0A1BD3ED2C320 /* Pods_TransvectorExampleUITests.framework in Frameworks */,
			);
			runOnlyForDeploymentPostprocessing = 0;
		};
/* End PBXFrameworksBuildPhase section */

/* Begin PBXGroup section */
		298D93F73986B114071C79EF /* Frameworks */ = {
			isa = PBXGroup;
			children = (
				AE706FDB560EE7CBB9FDFDAA /* Pods_TransvectorExample.framework */,
				2DAA8BDDDCBFD6C9A59070E0 /* Pods_TransvectorExampleTests.framework */,
				4388D1A74807A66C78E5911A /* Pods_TransvectorExampleUITests.framework */,
			);
			name = Frameworks;
			sourceTree = "<group>";
		};
		2C7BF6B6228A6C00007C872E = {
			isa = PBXGroup;
			children = (
				2C7BF6FA228A6CF1007C872E /* Resources */,
				2C7BF6C1228A6C00007C872E /* TransvectorExample */,
				2C7BF6D6228A6C02007C872E /* TransvectorExampleTests */,
				2C7BF6E1228A6C02007C872E /* TransvectorExampleUITests */,
				2C7BF6C0228A6C00007C872E /* Products */,
				3B337FB6E4EFA67112BFE046 /* Pods */,
				298D93F73986B114071C79EF /* Frameworks */,
			);
			sourceTree = "<group>";
		};
		2C7BF6C0228A6C00007C872E /* Products */ = {
			isa = PBXGroup;
			children = (
				2C7BF6BF228A6C00007C872E /* TransvectorExample.app */,
				2C7BF6D3228A6C02007C872E /* TransvectorExampleTests.xctest */,
				2C7BF6DE228A6C02007C872E /* TransvectorExampleUITests.xctest */,
			);
			name = Products;
			sourceTree = "<group>";
		};
		2C7BF6C1228A6C00007C872E /* TransvectorExample */ = {
			isa = PBXGroup;
			children = (
				2C7BF6C2228A6C00007C872E /* AppDelegate.swift */,
				2C7BF6C4228A6C00007C872E /* ViewController.swift */,
				2C7BF6C6228A6C00007C872E /* Main.storyboard */,
				2C7BF6C9228A6C02007C872E /* Assets.xcassets */,
				2C7BF6CB228A6C02007C872E /* LaunchScreen.storyboard */,
				2C7BF6CE228A6C02007C872E /* Info.plist */,
			);
			path = TransvectorExample;
			sourceTree = "<group>";
		};
		2C7BF6D6228A6C02007C872E /* TransvectorExampleTests */ = {
			isa = PBXGroup;
			children = (
				2C7BF6D7228A6C02007C872E /* TransvectorExampleTests.swift */,
				2C7BF6D9228A6C02007C872E /* Info.plist */,
			);
			path = TransvectorExampleTests;
			sourceTree = "<group>";
		};
		2C7BF6E1228A6C02007C872E /* TransvectorExampleUITests */ = {
			isa = PBXGroup;
			children = (
				2C7BF6E2228A6C02007C872E /* TransvectorExampleUITests.swift */,
				2C7BF6E4228A6C02007C872E /* Info.plist */,
			);
			path = TransvectorExampleUITests;
			sourceTree = "<group>";
		};
		2C7BF6FA228A6CF1007C872E /* Resources */ = {
			isa = PBXGroup;
			children = (
				2C7BF6FE228A76A4007C872E /* testPath.svg */,
				2C7BF700228A7FDC007C872E /* testPath1.svg */,
				2C7BF701228A7FDC007C872E /* testPath2.svg */,
			);
			path = Resources;
			sourceTree = "<group>";
		};
		3B337FB6E4EFA67112BFE046 /* Pods */ = {
			isa = PBXGroup;
			children = (
				55E039442ADA7FBB83886061 /* Pods-TransvectorExample.debug.xcconfig */,
				415D2B487BAC77E8B4FF5329 /* Pods-TransvectorExample.release.xcconfig */,
				5B416AF2C07CDA18E255E4BA /* Pods-TransvectorExampleTests.debug.xcconfig */,
				DF70A11AD2EC62AD19FE0BC3 /* Pods-TransvectorExampleTests.release.xcconfig */,
				2416BA2A9CEBB10D22E849B0 /* Pods-TransvectorExampleUITests.debug.xcconfig */,
				A9AA487CD37E492A62CB339E /* Pods-TransvectorExampleUITests.release.xcconfig */,
			);
			path = Pods;
			sourceTree = "<group>";
		};
/* End PBXGroup section */

/* Begin PBXNativeTarget section */
		2C7BF6BE228A6C00007C872E /* TransvectorExample */ = {
			isa = PBXNativeTarget;
			buildConfigurationList = 2C7BF6E7228A6C02007C872E /* Build configuration list for PBXNativeTarget "TransvectorExample" */;
			buildPhases = (
				2CFCDF8F89E610B521C269EE /* [CP] Check Pods Manifest.lock */,
				2C7BF6BB228A6C00007C872E /* Sources */,
				2C7BF6BC228A6C00007C872E /* Frameworks */,
				2C7BF6BD228A6C00007C872E /* Resources */,
				06A95A90E4217ACAF87B93C9 /* [CP] Embed Pods Frameworks */,
			);
			buildRules = (
			);
			dependencies = (
			);
			name = TransvectorExample;
			productName = TransvectorExample;
			productReference = 2C7BF6BF228A6C00007C872E /* TransvectorExample.app */;
			productType = "com.apple.product-type.application";
		};
		2C7BF6D2228A6C02007C872E /* TransvectorExampleTests */ = {
			isa = PBXNativeTarget;
			buildConfigurationList = 2C7BF6EA228A6C02007C872E /* Build configuration list for PBXNativeTarget "TransvectorExampleTests" */;
			buildPhases = (
				346991C0A0DDB90FFD4D9EF8 /* [CP] Check Pods Manifest.lock */,
				2C7BF6CF228A6C02007C872E /* Sources */,
				2C7BF6D0228A6C02007C872E /* Frameworks */,
				2C7BF6D1228A6C02007C872E /* Resources */,
			);
			buildRules = (
			);
			dependencies = (
				2C7BF6D5228A6C02007C872E /* PBXTargetDependency */,
			);
			name = TransvectorExampleTests;
			productName = TransvectorExampleTests;
			productReference = 2C7BF6D3228A6C02007C872E /* TransvectorExampleTests.xctest */;
			productType = "com.apple.product-type.bundle.unit-test";
		};
		2C7BF6DD228A6C02007C872E /* TransvectorExampleUITests */ = {
			isa = PBXNativeTarget;
			buildConfigurationList = 2C7BF6ED228A6C02007C872E /* Build configuration list for PBXNativeTarget "TransvectorExampleUITests" */;
			buildPhases = (
				61CE8F148E92498881C2701C /* [CP] Check Pods Manifest.lock */,
				2C7BF6DA228A6C02007C872E /* Sources */,
				2C7BF6DB228A6C02007C872E /* Frameworks */,
				2C7BF6DC228A6C02007C872E /* Resources */,
			);
			buildRules = (
			);
			dependencies = (
				2C7BF6E0228A6C02007C872E /* PBXTargetDependency */,
			);
			name = TransvectorExampleUITests;
			productName = TransvectorExampleUITests;
			productReference = 2C7BF6DE228A6C02007C872E /* TransvectorExampleUITests.xctest */;
			productType = "com.apple.product-type.bundle.ui-testing";
		};
/* End PBXNativeTarget section */

/* Begin PBXProject section */
		2C7BF6B7228A6C00007C872E /* Project object */ = {
			isa = PBXProject;
			attributes = {
				LastSwiftUpdateCheck = 1010;
				LastUpgradeCheck = 1010;
				ORGANIZATIONNAME = "Kevin Wong";
				TargetAttributes = {
					2C7BF6BE228A6C00007C872E = {
						CreatedOnToolsVersion = 10.1;
					};
					2C7BF6D2228A6C02007C872E = {
						CreatedOnToolsVersion = 10.1;
						TestTargetID = 2C7BF6BE228A6C00007C872E;
					};
					2C7BF6DD228A6C02007C872E = {
						CreatedOnToolsVersion = 10.1;
						TestTargetID = 2C7BF6BE228A6C00007C872E;
					};
				};
			};
			buildConfigurationList = 2C7BF6BA228A6C00007C872E /* Build configuration list for PBXProject "TransvectorExample" */;
			compatibilityVersion = "Xcode 9.3";
			developmentRegion = en;
			hasScannedForEncodings = 0;
			knownRegions = (
				en,
				Base,
			);
			mainGroup = 2C7BF6B6228A6C00007C872E;
			productRefGroup = 2C7BF6C0228A6C00007C872E /* Products */;
			projectDirPath = "";
			projectRoot = "";
			targets = (
				2C7BF6BE228A6C00007C872E /* TransvectorExample */,
				2C7BF6D2228A6C02007C872E /* TransvectorExampleTests */,
				2C7BF6DD228A6C02007C872E /* TransvectorExampleUITests */,
			);
		};
/* End PBXProject section */

/* Begin PBXResourcesBuildPhase section */
		2C7BF6BD228A6C00007C872E /* Resources */ = {
			isa = PBXResourcesBuildPhase;
			buildActionMask = 2147483647;
			files = (
				2C7BF6CD228A6C02007C872E /* LaunchScreen.storyboard in Resources */,
				2C7BF6CA228A6C02007C872E /* Assets.xcassets in Resources */,
				2C7BF703228A7FDC007C872E /* testPath2.svg in Resources */,
				2C7BF702228A7FDC007C872E /* testPath1.svg in Resources */,
				2C7BF6C8228A6C00007C872E /* Main.storyboard in Resources */,
				2C7BF6FF228A76A4007C872E /* testPath.svg in Resources */,
			);
			runOnlyForDeploymentPostprocessing = 0;
		};
		2C7BF6D1228A6C02007C872E /* Resources */ = {
			isa = PBXResourcesBuildPhase;
			buildActionMask = 2147483647;
			files = (
			);
			runOnlyForDeploymentPostprocessing = 0;
		};
		2C7BF6DC228A6C02007C872E /* Resources */ = {
			isa = PBXResourcesBuildPhase;
			buildActionMask = 2147483647;
			files = (
			);
			runOnlyForDeploymentPostprocessing = 0;
		};
/* End PBXResourcesBuildPhase section */

/* Begin PBXShellScriptBuildPhase section */
		06A95A90E4217ACAF87B93C9 /* [CP] Embed Pods Frameworks */ = {
			isa = PBXShellScriptBuildPhase;
			buildActionMask = 2147483647;
			files = (
			);
			inputFileListPaths = (
			);
			inputPaths = (
				"${PODS_ROOT}/Target Support Files/Pods-TransvectorExample/Pods-TransvectorExample-frameworks.sh",
				"${BUILT_PRODUCTS_DIR}/Transvector/Transvector.framework",
			);
			name = "[CP] Embed Pods Frameworks";
			outputFileListPaths = (
			);
			outputPaths = (
				"${TARGET_BUILD_DIR}/${FRAMEWORKS_FOLDER_PATH}/Transvector.framework",
			);
			runOnlyForDeploymentPostprocessing = 0;
			shellPath = /bin/sh;
			shellScript = "\"${PODS_ROOT}/Target Support Files/Pods-TransvectorExample/Pods-TransvectorExample-frameworks.sh\"\n";
			showEnvVarsInLog = 0;
		};
		2CFCDF8F89E610B521C269EE /* [CP] Check Pods Manifest.lock */ = {
			isa = PBXShellScriptBuildPhase;
			buildActionMask = 2147483647;
			files = (
			);
			inputFileListPaths = (
			);
			inputPaths = (
				"${PODS_PODFILE_DIR_PATH}/Podfile.lock",
				"${PODS_ROOT}/Manifest.lock",
			);
			name = "[CP] Check Pods Manifest.lock";
			outputFileListPaths = (
			);
			outputPaths = (
				"$(DERIVED_FILE_DIR)/Pods-TransvectorExample-checkManifestLockResult.txt",
			);
			runOnlyForDeploymentPostprocessing = 0;
			shellPath = /bin/sh;
			shellScript = "diff \"${PODS_PODFILE_DIR_PATH}/Podfile.lock\" \"${PODS_ROOT}/Manifest.lock\" > /dev/null\nif [ $? != 0 ] ; then\n    # print error to STDERR\n    echo \"error: The sandbox is not in sync with the Podfile.lock. Run 'pod install' or update your CocoaPods installation.\" >&2\n    exit 1\nfi\n# This output is used by Xcode 'outputs' to avoid re-running this script phase.\necho \"SUCCESS\" > \"${SCRIPT_OUTPUT_FILE_0}\"\n";
			showEnvVarsInLog = 0;
		};
		346991C0A0DDB90FFD4D9EF8 /* [CP] Check Pods Manifest.lock */ = {
			isa = PBXShellScriptBuildPhase;
			buildActionMask = 2147483647;
			files = (
			);
			inputFileListPaths = (
			);
			inputPaths = (
				"${PODS_PODFILE_DIR_PATH}/Podfile.lock",
				"${PODS_ROOT}/Manifest.lock",
			);
			name = "[CP] Check Pods Manifest.lock";
			outputFileListPaths = (
			);
			outputPaths = (
				"$(DERIVED_FILE_DIR)/Pods-TransvectorExampleTests-checkManifestLockResult.txt",
			);
			runOnlyForDeploymentPostprocessing = 0;
			shellPath = /bin/sh;
			shellScript = "diff \"${PODS_PODFILE_DIR_PATH}/Podfile.lock\" \"${PODS_ROOT}/Manifest.lock\" > /dev/null\nif [ $? != 0 ] ; then\n    # print error to STDERR\n    echo \"error: The sandbox is not in sync with the Podfile.lock. Run 'pod install' or update your CocoaPods installation.\" >&2\n    exit 1\nfi\n# This output is used by Xcode 'outputs' to avoid re-running this script phase.\necho \"SUCCESS\" > \"${SCRIPT_OUTPUT_FILE_0}\"\n";
			showEnvVarsInLog = 0;
		};
		61CE8F148E92498881C2701C /* [CP] Check Pods Manifest.lock */ = {
			isa = PBXShellScriptBuildPhase;
			buildActionMask = 2147483647;
			files = (
			);
			inputFileListPaths = (
			);
			inputPaths = (
				"${PODS_PODFILE_DIR_PATH}/Podfile.lock",
				"${PODS_ROOT}/Manifest.lock",
			);
			name = "[CP] Check Pods Manifest.lock";
			outputFileListPaths = (
			);
			outputPaths = (
				"$(DERIVED_FILE_DIR)/Pods-TransvectorExampleUITests-checkManifestLockResult.txt",
			);
			runOnlyForDeploymentPostprocessing = 0;
			shellPath = /bin/sh;
			shellScript = "diff \"${PODS_PODFILE_DIR_PATH}/Podfile.lock\" \"${PODS_ROOT}/Manifest.lock\" > /dev/null\nif [ $? != 0 ] ; then\n    # print error to STDERR\n    echo \"error: The sandbox is not in sync with the Podfile.lock. Run 'pod install' or update your CocoaPods installation.\" >&2\n    exit 1\nfi\n# This output is used by Xcode 'outputs' to avoid re-running this script phase.\necho \"SUCCESS\" > \"${SCRIPT_OUTPUT_FILE_0}\"\n";
			showEnvVarsInLog = 0;
		};
/* End PBXShellScriptBuildPhase section */

/* Begin PBXSourcesBuildPhase section */
		2C7BF6BB228A6C00007C872E /* Sources */ = {
			isa = PBXSourcesBuildPhase;
			buildActionMask = 2147483647;
			files = (
				2C7BF6C5228A6C00007C872E /* ViewController.swift in Sources */,
				2C7BF6C3228A6C00007C872E /* AppDelegate.swift in Sources */,
			);
			runOnlyForDeploymentPostprocessing = 0;
		};
		2C7BF6CF228A6C02007C872E /* Sources */ = {
			isa = PBXSourcesBuildPhase;
			buildActionMask = 2147483647;
			files = (
				2C7BF6D8228A6C02007C872E /* TransvectorExampleTests.swift in Sources */,
			);
			runOnlyForDeploymentPostprocessing = 0;
		};
		2C7BF6DA228A6C02007C872E /* Sources */ = {
			isa = PBXSourcesBuildPhase;
			buildActionMask = 2147483647;
			files = (
				2C7BF6E3228A6C02007C872E /* TransvectorExampleUITests.swift in Sources */,
			);
			runOnlyForDeploymentPostprocessing = 0;
		};
/* End PBXSourcesBuildPhase section */

/* Begin PBXTargetDependency section */
		2C7BF6D5228A6C02007C872E /* PBXTargetDependency */ = {
			isa = PBXTargetDependency;
			target = 2C7BF6BE228A6C00007C872E /* TransvectorExample */;
			targetProxy = 2C7BF6D4228A6C02007C872E /* PBXContainerItemProxy */;
		};
		2C7BF6E0228A6C02007C872E /* PBXTargetDependency */ = {
			isa = PBXTargetDependency;
			target = 2C7BF6BE228A6C00007C872E /* TransvectorExample */;
			targetProxy = 2C7BF6DF228A6C02007C872E /* PBXContainerItemProxy */;
		};
/* End PBXTargetDependency section */

/* Begin PBXVariantGroup section */
		2C7BF6C6228A6C00007C872E /* Main.storyboard */ = {
			isa = PBXVariantGroup;
			children = (
				2C7BF6C7228A6C00007C872E /* Base */,
			);
			name = Main.storyboard;
			sourceTree = "<group>";
		};
		2C7BF6CB228A6C02007C872E /* LaunchScreen.storyboard */ = {
			isa = PBXVariantGroup;
			children = (
				2C7BF6CC228A6C02007C872E /* Base */,
			);
			name = LaunchScreen.storyboard;
			sourceTree = "<group>";
		};
/* End PBXVariantGroup section */

/* Begin XCBuildConfiguration section */
		2C7BF6E5228A6C02007C872E /* Debug */ = {
			isa = XCBuildConfiguration;
			buildSettings = {
				ALWAYS_SEARCH_USER_PATHS = NO;
				CLANG_ANALYZER_NONNULL = YES;
				CLANG_ANALYZER_NUMBER_OBJECT_CONVERSION = YES_AGGRESSIVE;
				CLANG_CXX_LANGUAGE_STANDARD = "gnu++14";
				CLANG_CXX_LIBRARY = "libc++";
				CLANG_ENABLE_MODULES = YES;
				CLANG_ENABLE_OBJC_ARC = YES;
				CLANG_ENABLE_OBJC_WEAK = YES;
				CLANG_WARN_BLOCK_CAPTURE_AUTORELEASING = YES;
				CLANG_WARN_BOOL_CONVERSION = YES;
				CLANG_WARN_COMMA = YES;
				CLANG_WARN_CONSTANT_CONVERSION = YES;
				CLANG_WARN_DEPRECATED_OBJC_IMPLEMENTATIONS = YES;
				CLANG_WARN_DIRECT_OBJC_ISA_USAGE = YES_ERROR;
				CLANG_WARN_DOCUMENTATION_COMMENTS = YES;
				CLANG_WARN_EMPTY_BODY = YES;
				CLANG_WARN_ENUM_CONVERSION = YES;
				CLANG_WARN_INFINITE_RECURSION = YES;
				CLANG_WARN_INT_CONVERSION = YES;
				CLANG_WARN_NON_LITERAL_NULL_CONVERSION = YES;
				CLANG_WARN_OBJC_IMPLICIT_RETAIN_SELF = YES;
				CLANG_WARN_OBJC_LITERAL_CONVERSION = YES;
				CLANG_WARN_OBJC_ROOT_CLASS = YES_ERROR;
				CLANG_WARN_RANGE_LOOP_ANALYSIS = YES;
				CLANG_WARN_STRICT_PROTOTYPES = YES;
				CLANG_WARN_SUSPICIOUS_MOVE = YES;
				CLANG_WARN_UNGUARDED_AVAILABILITY = YES_AGGRESSIVE;
				CLANG_WARN_UNREACHABLE_CODE = YES;
				CLANG_WARN__DUPLICATE_METHOD_MATCH = YES;
				CODE_SIGN_IDENTITY = "iPhone Developer";
				COPY_PHASE_STRIP = NO;
				DEBUG_INFORMATION_FORMAT = dwarf;
				ENABLE_STRICT_OBJC_MSGSEND = YES;
				ENABLE_TESTABILITY = YES;
				GCC_C_LANGUAGE_STANDARD = gnu11;
				GCC_DYNAMIC_NO_PIC = NO;
				GCC_NO_COMMON_BLOCKS = YES;
				GCC_OPTIMIZATION_LEVEL = 0;
				GCC_PREPROCESSOR_DEFINITIONS = (
					"DEBUG=1",
					"$(inherited)",
				);
				GCC_WARN_64_TO_32_BIT_CONVERSION = YES;
				GCC_WARN_ABOUT_RETURN_TYPE = YES_ERROR;
				GCC_WARN_UNDECLARED_SELECTOR = YES;
				GCC_WARN_UNINITIALIZED_AUTOS = YES_AGGRESSIVE;
				GCC_WARN_UNUSED_FUNCTION = YES;
				GCC_WARN_UNUSED_VARIABLE = YES;
				IPHONEOS_DEPLOYMENT_TARGET = 12.1;
				MTL_ENABLE_DEBUG_INFO = INCLUDE_SOURCE;
				MTL_FAST_MATH = YES;
				ONLY_ACTIVE_ARCH = YES;
				SDKROOT = iphoneos;
				SWIFT_ACTIVE_COMPILATION_CONDITIONS = DEBUG;
				SWIFT_OPTIMIZATION_LEVEL = "-Onone";
			};
			name = Debug;
		};
		2C7BF6E6228A6C02007C872E /* Release */ = {
			isa = XCBuildConfiguration;
			buildSettings = {
				ALWAYS_SEARCH_USER_PATHS = NO;
				CLANG_ANALYZER_NONNULL = YES;
				CLANG_ANALYZER_NUMBER_OBJECT_CONVERSION = YES_AGGRESSIVE;
				CLANG_CXX_LANGUAGE_STANDARD = "gnu++14";
				CLANG_CXX_LIBRARY = "libc++";
				CLANG_ENABLE_MODULES = YES;
				CLANG_ENABLE_OBJC_ARC = YES;
				CLANG_ENABLE_OBJC_WEAK = YES;
				CLANG_WARN_BLOCK_CAPTURE_AUTORELEASING = YES;
				CLANG_WARN_BOOL_CONVERSION = YES;
				CLANG_WARN_COMMA = YES;
				CLANG_WARN_CONSTANT_CONVERSION = YES;
				CLANG_WARN_DEPRECATED_OBJC_IMPLEMENTATIONS = YES;
				CLANG_WARN_DIRECT_OBJC_ISA_USAGE = YES_ERROR;
				CLANG_WARN_DOCUMENTATION_COMMENTS = YES;
				CLANG_WARN_EMPTY_BODY = YES;
				CLANG_WARN_ENUM_CONVERSION = YES;
				CLANG_WARN_INFINITE_RECURSION = YES;
				CLANG_WARN_INT_CONVERSION = YES;
				CLANG_WARN_NON_LITERAL_NULL_CONVERSION = YES;
				CLANG_WARN_OBJC_IMPLICIT_RETAIN_SELF = YES;
				CLANG_WARN_OBJC_LITERAL_CONVERSION = YES;
				CLANG_WARN_OBJC_ROOT_CLASS = YES_ERROR;
				CLANG_WARN_RANGE_LOOP_ANALYSIS = YES;
				CLANG_WARN_STRICT_PROTOTYPES = YES;
				CLANG_WARN_SUSPICIOUS_MOVE = YES;
				CLANG_WARN_UNGUARDED_AVAILABILITY = YES_AGGRESSIVE;
				CLANG_WARN_UNREACHABLE_CODE = YES;
				CLANG_WARN__DUPLICATE_METHOD_MATCH = YES;
				CODE_SIGN_IDENTITY = "iPhone Developer";
				COPY_PHASE_STRIP = NO;
				DEBUG_INFORMATION_FORMAT = "dwarf-with-dsym";
				ENABLE_NS_ASSERTIONS = NO;
				ENABLE_STRICT_OBJC_MSGSEND = YES;
				GCC_C_LANGUAGE_STANDARD = gnu11;
				GCC_NO_COMMON_BLOCKS = YES;
				GCC_WARN_64_TO_32_BIT_CONVERSION = YES;
				GCC_WARN_ABOUT_RETURN_TYPE = YES_ERROR;
				GCC_WARN_UNDECLARED_SELECTOR = YES;
				GCC_WARN_UNINITIALIZED_AUTOS = YES_AGGRESSIVE;
				GCC_WARN_UNUSED_FUNCTION = YES;
				GCC_WARN_UNUSED_VARIABLE = YES;
				IPHONEOS_DEPLOYMENT_TARGET = 12.1;
				MTL_ENABLE_DEBUG_INFO = NO;
				MTL_FAST_MATH = YES;
				SDKROOT = iphoneos;
				SWIFT_COMPILATION_MODE = wholemodule;
				SWIFT_OPTIMIZATION_LEVEL = "-O";
				VALIDATE_PRODUCT = YES;
			};
			name = Release;
		};
		2C7BF6E8228A6C02007C872E /* Debug */ = {
			isa = XCBuildConfiguration;
			baseConfigurationReference = 55E039442ADA7FBB83886061 /* Pods-TransvectorExample.debug.xcconfig */;
			buildSettings = {
				ASSETCATALOG_COMPILER_APPICON_NAME = AppIcon;
				CODE_SIGN_STYLE = Automatic;
				INFOPLIST_FILE = TransvectorExample/Info.plist;
				LD_RUNPATH_SEARCH_PATHS = (
					"$(inherited)",
					"@executable_path/Frameworks",
				);
				PRODUCT_BUNDLE_IDENTIFIER = com.kevinwl02.TransvectorExample;
				PRODUCT_NAME = "$(TARGET_NAME)";
				SWIFT_VERSION = 4.2;
				TARGETED_DEVICE_FAMILY = "1,2";
			};
			name = Debug;
		};
		2C7BF6E9228A6C02007C872E /* Release */ = {
			isa = XCBuildConfiguration;
			baseConfigurationReference = 415D2B487BAC77E8B4FF5329 /* Pods-TransvectorExample.release.xcconfig */;
			buildSettings = {
				ASSETCATALOG_COMPILER_APPICON_NAME = AppIcon;
				CODE_SIGN_STYLE = Automatic;
				INFOPLIST_FILE = TransvectorExample/Info.plist;
				LD_RUNPATH_SEARCH_PATHS = (
					"$(inherited)",
					"@executable_path/Frameworks",
				);
				PRODUCT_BUNDLE_IDENTIFIER = com.kevinwl02.TransvectorExample;
				PRODUCT_NAME = "$(TARGET_NAME)";
				SWIFT_VERSION = 4.2;
				TARGETED_DEVICE_FAMILY = "1,2";
			};
			name = Release;
		};
		2C7BF6EB228A6C02007C872E /* Debug */ = {
			isa = XCBuildConfiguration;
			baseConfigurationReference = 5B416AF2C07CDA18E255E4BA /* Pods-TransvectorExampleTests.debug.xcconfig */;
			buildSettings = {
				ALWAYS_EMBED_SWIFT_STANDARD_LIBRARIES = YES;
				BUNDLE_LOADER = "$(TEST_HOST)";
				CODE_SIGN_STYLE = Automatic;
				INFOPLIST_FILE = TransvectorExampleTests/Info.plist;
				LD_RUNPATH_SEARCH_PATHS = (
					"$(inherited)",
					"@executable_path/Frameworks",
					"@loader_path/Frameworks",
				);
				PRODUCT_BUNDLE_IDENTIFIER = com.kevinwl02.TransvectorExampleTests;
				PRODUCT_NAME = "$(TARGET_NAME)";
				SWIFT_VERSION = 4.2;
				TARGETED_DEVICE_FAMILY = "1,2";
				TEST_HOST = "$(BUILT_PRODUCTS_DIR)/TransvectorExample.app/TransvectorExample";
			};
			name = Debug;
		};
		2C7BF6EC228A6C02007C872E /* Release */ = {
			isa = XCBuildConfiguration;
			baseConfigurationReference = DF70A11AD2EC62AD19FE0BC3 /* Pods-TransvectorExampleTests.release.xcconfig */;
			buildSettings = {
				ALWAYS_EMBED_SWIFT_STANDARD_LIBRARIES = YES;
				BUNDLE_LOADER = "$(TEST_HOST)";
				CODE_SIGN_STYLE = Automatic;
				INFOPLIST_FILE = TransvectorExampleTests/Info.plist;
				LD_RUNPATH_SEARCH_PATHS = (
					"$(inherited)",
					"@executable_path/Frameworks",
					"@loader_path/Frameworks",
				);
				PRODUCT_BUNDLE_IDENTIFIER = com.kevinwl02.TransvectorExampleTests;
				PRODUCT_NAME = "$(TARGET_NAME)";
				SWIFT_VERSION = 4.2;
				TARGETED_DEVICE_FAMILY = "1,2";
				TEST_HOST = "$(BUILT_PRODUCTS_DIR)/TransvectorExample.app/TransvectorExample";
			};
			name = Release;
		};
		2C7BF6EE228A6C02007C872E /* Debug */ = {
			isa = XCBuildConfiguration;
			baseConfigurationReference = 2416BA2A9CEBB10D22E849B0 /* Pods-TransvectorExampleUITests.debug.xcconfig */;
			buildSettings = {
				ALWAYS_EMBED_SWIFT_STANDARD_LIBRARIES = YES;
				CODE_SIGN_STYLE = Automatic;
				INFOPLIST_FILE = TransvectorExampleUITests/Info.plist;
				LD_RUNPATH_SEARCH_PATHS = (
					"$(inherited)",
					"@executable_path/Frameworks",
					"@loader_path/Frameworks",
				);
				PRODUCT_BUNDLE_IDENTIFIER = com.kevinwl02.TransvectorExampleUITests;
				PRODUCT_NAME = "$(TARGET_NAME)";
				SWIFT_VERSION = 4.2;
				TARGETED_DEVICE_FAMILY = "1,2";
				TEST_TARGET_NAME = TransvectorExample;
			};
			name = Debug;
		};
		2C7BF6EF228A6C02007C872E /* Release */ = {
			isa = XCBuildConfiguration;
			baseConfigurationReference = A9AA487CD37E492A62CB339E /* Pods-TransvectorExampleUITests.release.xcconfig */;
			buildSettings = {
				ALWAYS_EMBED_SWIFT_STANDARD_LIBRARIES = YES;
				CODE_SIGN_STYLE = Automatic;
				INFOPLIST_FILE = TransvectorExampleUITests/Info.plist;
				LD_RUNPATH_SEARCH_PATHS = (
					"$(inherited)",
					"@executable_path/Frameworks",
					"@loader_path/Frameworks",
				);
				PRODUCT_BUNDLE_IDENTIFIER = com.kevinwl02.TransvectorExampleUITests;
				PRODUCT_NAME = "$(TARGET_NAME)";
				SWIFT_VERSION = 4.2;
				TARGETED_DEVICE_FAMILY = "1,2";
				TEST_TARGET_NAME = TransvectorExample;
			};
			name = Release;
		};
/* End XCBuildConfiguration section */

/* Begin XCConfigurationList section */
		2C7BF6BA228A6C00007C872E /* Build configuration list for PBXProject "TransvectorExample" */ = {
			isa = XCConfigurationList;
			buildConfigurations = (
				2C7BF6E5228A6C02007C872E /* Debug */,
				2C7BF6E6228A6C02007C872E /* Release */,
			);
			defaultConfigurationIsVisible = 0;
			defaultConfigurationName = Release;
		};
		2C7BF6E7228A6C02007C872E /* Build configuration list for PBXNativeTarget "TransvectorExample" */ = {
			isa = XCConfigurationList;
			buildConfigurations = (
				2C7BF6E8228A6C02007C872E /* Debug */,
				2C7BF6E9228A6C02007C872E /* Release */,
			);
			defaultConfigurationIsVisible = 0;
			defaultConfigurationName = Release;
		};
		2C7BF6EA228A6C02007C872E /* Build configuration list for PBXNativeTarget "TransvectorExampleTests" */ = {
			isa = XCConfigurationList;
			buildConfigurations = (
				2C7BF6EB228A6C02007C872E /* Debug */,
				2C7BF6EC228A6C02007C872E /* Release */,
			);
			defaultConfigurationIsVisible = 0;
			defaultConfigurationName = Release;
		};
		2C7BF6ED228A6C02007C872E /* Build configuration list for PBXNativeTarget "TransvectorExampleUITests" */ = {
			isa = XCConfigurationList;
			buildConfigurations = (
				2C7BF6EE228A6C02007C872E /* Debug */,
				2C7BF6EF228A6C02007C872E /* Release */,
			);
			defaultConfigurationIsVisible = 0;
			defaultConfigurationName = Release;
		};
/* End XCConfigurationList section */
	};
	rootObject = 2C7BF6B7228A6C00007C872E /* Project object */;
}
